
Microsoft Visual Studio Solution File, Format Version 12.00
# Visual Studio 15
VisualStudioVersion = 15.0.28307.852
MinimumVisualStudioVersion = 10.0.40219.1
Project("{FAE04EC0-301F-11D3-BF4B-00C04F79EFBC}") = "TwitchSpy", "TwitchSpy\TwitchSpy.csproj", "{C9AF5D60-2244-4833-9A11-39F11774EC1A}"
EndProject
Global
	GlobalSection(SolutionConfigurationPlatforms) = preSolution
		Debug|Any CPU = Debug|Any CPU
		Release|Any CPU = Release|Any CPU
	EndGlobalSection
	GlobalSection(ProjectConfigurationPlatforms) = postSolution
		{C9AF5D60-2244-4833-9A11-39F11774EC1A}.Debug|Any CPU.ActiveCfg = Debug|Any CPU
		{C9AF5D60-2244-4833-9A11-39F11774EC1A}.Debug|Any CPU.Build.0 = Debug|Any CPU
		{C9AF5D60-2244-4833-9A11-39F11774EC1A}.Release|Any CPU.ActiveCfg = Release|Any CPU
		{C9AF5D60-2244-4833-9A11-39F11774EC1A}.Release|Any CPU.Build.0 = Release|Any CPU
	EndGlobalSection
	GlobalSection(SolutionProperties) = preSolution
		HideSolutionNode = FALSE
	EndGlobalSection
	GlobalSection(ExtensibilityGlobals) = postSolution
		SolutionGuid = {FC9A59CB-F582-4FB1-8BD6-5B0278240E41}
	EndGlobalSection
EndGlobal
